{
  "name": "profesor-de-ritmo",
  "version": "1.0.0",
  "lockfileVersion": 2,
  "requires": true,
  "packages": {
    "": {
      "name": "profesor-de-ritmo",
      "version": "1.0.0",
      "dependencies": {
        "axios": "^1.6.0",
        "i18next": "^23.5.1",
        "react": "^18.2.0",
        "react-dom": "^18.2.0",
        "react-i18next": "^13.0.0",
        "tailwindcss": "^3.3.3",
        "tone": "^14.7.77",
        "vexflow": "^4.1.0"
      },
      "devDependencies": {
        "@vitejs/plugin-react": "^4.0.0",
        "vite": "^4.3.9"
      }
    },
    "node_modules/axios": {
      "version": "1.6.0",
      "resolved": "https://registry.npmjs.org/axios/-/axios-1.6.0.tgz",
      "integrity": "sha512-EZ1DYihju9pwVB+jg67ogm+Tmqc6JmhamRN6I4Zt8DfZu5lbcQGw3ozH9lFejSJgs/ibaWL1VzXHIDrW6L8Tj1w==",
      "dependencies": {
        "follow-redirects": "^1.15.0",
        "form-data": "^4.0.0",
        "proxy-from-env": "^1.1.0"
      }
    },
    "node_modules/i18next": {
      "version": "23.5.1",
      "resolved": "https://registry.npmjs.org/i18next/-/i18next-23.5.1.tgz",
      "integrity": "sha512-JelY0YZ99b6qG7V2hWv4cDjX6M3b7QFAI79np2r00P2tfJhvPlSz0jpbcXltBhrAN7DRSDA7yaE2nT5Q2eCZJKA==",
      "dependencies": {
        "@babel/runtime": "^7.22.5"
      }
    },
    "node_modules/react": {
      "version": "18.2.0",
      "resolved": "https://registry.npmjs.org/react/-/react-18.2.0.tgz",
      "integrity": "sha512-/3IjMdb2L9QbBdWiW5e3P2/npwMBaU9mHCSCUzNln0ZCYbcfTsGbTJrU/kGemdH2IWmB2ioZ+zkxtmq6g09fGQ==",
      "dependencies": {
        "loose-envify": "^1.1.0"
      }
    },
    "node_modules/react-dom": {
      "version": "18.2.0",
      "resolved": "https://registry.npmjs.org/react-dom/-/react-dom-18.2.0.tgz",
      "integrity": "sha512-6IMTriUmvsjHUjNtEDudZfuDQUoWXVxKHhlEGSk81n4YFS+r/Kl99wXiwlVXtPBtJenozv2P+hxDsw9eA7Xo6g==",
      "dependencies": {
        "loose-envify": "^1.1.0",
        "scheduler": "^0.23.0"
      }
    },
    "node_modules/react-i18next": {
      "version": "13.0.0",
      "resolved": "https://registry.npmjs.org/react-i18next/-/react-i18next-13.0.0.tgz",
      "integrity": "sha512-V6fzoqAo5qLWws1MJ2jgfZTR4gK3iyI24w3gOJU6Kk4gA6fDrH72C6VNF9CChZ2n7F6+/gtUYqQroW8F8kK0fPQ==",
      "dependencies": {
        "@babel/runtime": "^7.22.5",
        "html-parse-stringify": "^3.0.1"
      }
    },
    "node_modules/tailwindcss": {
      "version": "3.3.3",
      "resolved": "https://registry.npmjs.org/tailwindcss/-/tailwindcss-3.3.3.tgz",
      "integrity": "sha512-A0KgSkef7eE4Mf+nKJ83i75TMyq8HqY3qmFIJSWy8bNt0v1lG7jUcpGpoTFxAwYcWOphcTBLPPJg+bDfhDf52wQ==",
      "dependencies": {
        "arg": "^5.0.2",
        "chokidar": "^3.5.3",
        "color-name": "^1.1.4",
        "didyoumean": "^1.2.2",
        "dlv": "^1.1.3",
        "fast-glob": "^3.2.12",
        "glob-parent": "^6.0.2",
        "is-glob": "^4.0.3",
        "jiti": "^1.18.2",
        "lilconfig": "^2.1.0",
        "micromatch": "^4.0.5",
        "normalize-path": "^3.0.0",
        "object-hash": "^3.0.0",
        "picocolors": "^1.0.0",
        "postcss": "^8.4.23",
        "postcss-import": "^15.1.0",
        "postcss-js": "^4.0.1",
        "postcss-load-config": "^4.0.1",
        "postcss-nested": "^6.0.1",
        "postcss-selector-parser": "^6.0.11",
        "resolve": "^1.22.2",
        "sucrase": "^3.32.0"
      }
    },
    "node_modules/tone": {
      "version": "14.7.77",
      "resolved": "https://registry.npmjs.org/tone/-/tone-14.7.77.tgz",
      "integrity": "sha512-tCfK73IkLHyzoKUvGq47gyDyxiKLFvKi9Y3B6vZgf+PS8cB5dsLSbJswavllWcD2W3m/bVt5HSv2artifczCn3g=="
    },
    "node_modules/vexflow": {
      "version": "4.1.0",
      "resolved": "https://registry.npmjs.org/vexflow/-/vexflow-4.1.0.tgz",
      "integrity": "sha512-/vsR4tDwkh1C4E5fS0V1yVNrR5sa+FKwh7j4tUkp3JB5f5s3vG19qQ0S6kT9X7P7V6o4oagfVR3N2vXs9v0A4Ug=="
    },
    "node_modules/@vitejs/plugin-react": {
      "version": "4.0.0",
      "resolved": "https://registry.npmjs.org/@vitejs/plugin-react/-/plugin-react-4.0.0.tgz",
      "integrity": "sha512-HX0XzMjL3hhHY9DApxt5t1r+a4BYTdW/S9NYM6S4fShz6WBsS7F5S8V1bR3FmlcW4XofK0T3n0jO3O6GTnyY0Ag==",
      "dev": true,
      "dependencies": {
        "@babel/core": "^7.21.4",
        "@babel/plugin-transform-react-jsx": "^7.21.0",
        "@babel/plugin-transform-react-jsx-development": "^7.18.6",
        "@babel/plugin-transform-react-jsx-self": "^7.21.0",
        "@babel/plugin-transform-react-jsx-source": "^7.19.6"
      }
    },
    "node_modules/vite": {
      "version": "4.3.9",
      "resolved": "https://registry.npmjs.org/vite/-/vite-4.3.9.tgz",
      "integrity": "sha512-qsTNZjO9NoJNW7KnBC0tJ4T52B3Kowk/Abt8K9J2Z3asB7Nsu23qtcWI8iJPWZvMmg3Hvrx+b/ax7APtV1+bctw==",
      "dev": true,
      "dependencies": {
        "esbuild": "^0.17.5",
        "postcss": "^8.4.23",
        "rollup": "^3.21.0"
      }
    }
  },
  "dependencies": {
    "axios": {
      "version": "1.6.0",
      "resolved": "https://registry.npmjs.org/axios/-/axios-1.6.0.tgz",
      "integrity": "sha512-EZ1DYihju9pwVB+jg67ogm+Tmqc6JmhamRN6I4Zt8DfZu5lbcQGw3ozH9lFejSJgs/ibaWL1VzXHIDrW6L8Tj1w==",
      "requires": {
        "follow-redirects": "^1.15.0",
        "form-data": "^4.0.0",
        "proxy-from-env": "^1.1.0"
      }
    },
    "i18next": {
      "version": "23.5.1",
      "resolved": "https://registry.npmjs.org/i18next/-/i18next-23.5.1.tgz",
      "integrity": "sha512-JelY0YZ99b6qG7V2hWv4cDjX6M3b7QFAI79np2r00P2tfJhvPlSz0jpbcXltBhrAN7DRSDA7yaE2nT5Q2eCZJKA==",
      "requires": {
        "@babel/runtime": "^7.22.5"
      }
    },
    "react": {
      "version": "18.2.0",
      "resolved": "https://registry.npmjs.org/react/-/react-18.2.0.tgz",
      "integrity": "sha512-/3IjMdb2L9QbBdWiW5e3P2/npwMBaU9mHCSCUzNln0ZCYbcfTsGbTJrU/kGemdH2IWmB2ioZ+zkxtmq6g09fGQ==",
      "requires": {
        "loose-envify": "^1.1.0"
      }
    },
    "react-dom": {
      "version": "18.2.0",
      "resolved": "https://registry.npmjs.org/react-dom/-/react-dom-18.2.0.tgz",
      "integrity": "sha512-6IMTriUmvsjHUjNtEDudZfuDQUoWXVxKHhlEGSk81n4YFS+r/Kl99wXiwlVXtPBtJenozv2P+hxDsw9eA7Xo6g==",
      "requires": {
        "loose-envify": "^1.1.0",
        "scheduler": "^0.23.0"
      }
    },
    "react-i18next": {
      "version": "13.0.0",
      "resolved": "https://registry.npmjs.org/react-i18next/-/react-i18next-13.0.0.tgz",
      "integrity": "sha512-V6fzoqAo5qLWws1MJ2jgfZTR4gK3iyI24w3gOJU6Kk4gA6fDrH72C6VNF9CChZ2n7F6+/gtUYqQroW8F8kK0fPQ==",
      "requires": {
        "@babel/runtime": "^7.22.5",
        "html-parse-stringify": "^3.0.1"
      }
    },
    "tailwindcss": {
      "version": "3.3.3",
      "resolved": "https://registry.npmjs.org/tailwindcss/-/tailwindcss-3.3.3.tgz",
      "integrity": "sha512-A0KgSkef7eE4Mf+nKJ83i75TMyq8HqY3qmFIJSWy8bNt0v1lG7jUcpGpoTFxAwYcWOphcTBLPPJg+bDfhDf52wQ==",
      "requires": {
        "arg": "^5.0.2",
        "chokidar": "^3.5.3",
        "color-name": "^1.1.4",
        "didyoumean": "^1.2.2",
        "dlv": "^1.1.3",
        "fast-glob": "^3.2.12",
        "glob-parent": "^6.0.2",
        "is-glob": "^4.0.3",
        "jiti": "^1.18.2",
        "lilconfig": "^2.1.0",
        "micromatch": "^4.0.5",
        "normalize-path": "^3.0.0",
        "object-hash": "^3.0.0",
        "picocolors": "^1.0.0",
        "postcss": "^8.4.23",
        "postcss-import": "^15.1.0",
        "postcss-js": "^4.0.1",
        "postcss-load-config": "^4.0.1",
        "postcss-nested": "^6.0.1",
        "postcss-selector-parser": "^6.0.11",
        "resolve": "^1.22.2",
        "sucrase": "^3.32.0"
      }
    },
    "tone": {
      "version": "14.7.77",
      "resolved": "https://registry.npmjs.org/tone/-/tone-14.7.77.tgz",
      "integrity": "sha512-tCfK73IkLHyzoKUvGq47gyDyxiKLFvKi9Y3B6vZgf+PS8cB5dsLSbJswavllWcD2W3m/bVt5HSv2artifczCn3g=="
    },
    "vexflow": {
      "version": "4.1.0",
      "resolved": "https://registry.npmjs.org/vexflow/-/vexflow-4.1.0.tgz",
      "integrity": "sha512-/vsR4tDwkh1C4E5fS0V1yVNrR5sa+FKwh7j4tUkp3JB5f5s3vG19qQ0S6kT9X7P7V6o4oagfVR3N2vXs9v0A4Ug=="
    },
    "@vitejs/plugin-react": {
      "version": "4.0.0",
      "resolved": "https://registry.npmjs.org/@vitejs/plugin-react/-/plugin-react-4.0.0.tgz",
      "integrity": "sha512-HX0XzMjL3hhHY9DApxt5t1r+a4BYTdW/S9NYM6S4fShz6WBsS7F5S8V1bR3FmlcW4XofK0T3n0jO3O6GTnyY0Ag==",
      "dev": true,
      "requires": {
        "@babel/core": "^7.21.4",
        "@babel/plugin-transform-react-jsx": "^7.21.0",
        "@babel/plugin-transform-react-jsx-development": "^7.18.6",
        "@babel/plugin-transform-react-jsx-self": "^7.21.0",
        "@babel/plugin-transform-react-jsx-source": "^7.19.6"
      }
    },
    "vite": {
      "version": "4.3.9",
      "resolved": "https://registry.npmjs.org/vite/-/vite-4.3.9.tgz",
      "integrity": "sha512-qsTNZjO9NoJNW7KnBC0tJ4T52B3Kowk/Abt8K9J2Z3asB7Nsu23qtcWI8iJPWZvMmg3Hvrx+b/ax7APtV1+bctw==",
      "dev": true,
      "requires": {
        "esbuild": "^0.17.5",
        "postcss": "^8.4.23",
        "rollup": "^3.21.0"
      }
    }
  }
}
